// !$*UTF8*$!
{
	archiveVersion = 1;
	classes = {
	};
	objectVersion = 48;
	objects = {

/* Begin PBXBuildFile section */
		591F2EE31FBEB145002C068F /* AppDelegate.m in Sources */ = {isa = PBXBuildFile; fileRef = 591F2EE21FBEB145002C068F /* AppDelegate.m */; };
		591F2EE61FBEB145002C068F /* ViewController.m in Sources */ = {isa = PBXBuildFile; fileRef = 591F2EE51FBEB145002C068F /* ViewController.m */; };
		591F2EE91FBEB145002C068F /* Main.storyboard in Resources */ = {isa = PBXBuildFile; fileRef = 591F2EE71FBEB145002C068F /* Main.storyboard */; };
		591F2EEB1FBEB145002C068F /* Assets.xcassets in Resources */ = {isa = PBXBuildFile; fileRef = 591F2EEA1FBEB145002C068F /* Assets.xcassets */; };
		591F2EEE1FBEB145002C068F /* LaunchScreen.storyboard in Resources */ = {isa = PBXBuildFile; fileRef = 591F2EEC1FBEB145002C068F /* LaunchScreen.storyboard */; };
		591F2EF11FBEB145002C068F /* main.m in Sources */ = {isa = PBXBuildFile; fileRef = 591F2EF01FBEB145002C068F /* main.m */; };
		591F2EFF1FBEB26B002C068F /* NSURL+Extension.m in Sources */ = {isa = PBXBuildFile; fileRef = 591F2EFE1FBEB26B002C068F /* NSURL+Extension.m */; };
		591F2F4F1FBFFDF2002C068F /* Person.m in Sources */ = {isa = PBXBuildFile; fileRef = 591F2F4E1FBFFDF2002C068F /* Person.m */; };
		591F2F521FC0169F002C068F /* Person+Extension.m in Sources */ = {isa = PBXBuildFile; fileRef = 591F2F511FC0169F002C068F /* Person+Extension.m */; };
/* End PBXBuildFile section */

/* Begin PBXFileReference section */
		591F2EDE1FBEB145002C068F /* runtime.app */ = {isa = PBXFileReference; explicitFileType = wrapper.application; includeInIndex = 0; path = runtime.app; sourceTree = BUILT_PRODUCTS_DIR; };
		591F2EE11FBEB145002C068F /* AppDelegate.h */ = {isa = PBXFileReference; lastKnownFileType = sourcecode.c.h; path = AppDelegate.h; sourceTree = "<group>"; };
		591F2EE21FBEB145002C068F /* AppDelegate.m */ = {isa = PBXFileReference; lastKnownFileType = sourcecode.c.objc; path = AppDelegate.m; sourceTree = "<group>"; };
		591F2EE41FBEB145002C068F /* ViewController.h */ = {isa = PBXFileReference; lastKnownFileType = sourcecode.c.h; path = ViewController.h; sourceTree = "<group>"; };
		591F2EE51FBEB145002C068F /* ViewController.m */ = {isa = PBXFileReference; lastKnownFileType = sourcecode.c.objc; path = ViewController.m; sourceTree = "<group>"; };
		591F2EE81FBEB145002C068F /* Base */ = {isa = PBXFileReference; lastKnownFileType = file.storyboard; name = Base; path = Base.lproj/Main.storyboard; sourceTree = "<group>"; };
		591F2EEA1FBEB145002C068F /* Assets.xcassets */ = {isa = PBXFileReference; lastKnownFileType = folder.assetcatalog; path = Assets.xcassets; sourceTree = "<group>"; };
		591F2EED1FBEB145002C068F /* Base */ = {isa = PBXFileReference; lastKnownFileType = file.storyboard; name = Base; path = Base.lproj/LaunchScreen.storyboard; sourceTree = "<group>"; };
		591F2EEF1FBEB145002C068F /* Info.plist */ = {isa = PBXFileReference; lastKnownFileType = text.plist.xml; path = Info.plist; sourceTree = "<group>"; };
		591F2EF01FBEB145002C068F /* main.m */ = {isa = PBXFileReference; lastKnownFileType = sourcecode.c.objc; path = main.m; sourceTree = "<group>"; };
		591F2EFD1FBEB26B002C068F /* NSURL+Extension.h */ = {isa = PBXFileReference; lastKnownFileType = sourcecode.c.h; path = "NSURL+Extension.h"; sourceTree = "<group>"; };
		591F2EFE1FBEB26B002C068F /* NSURL+Extension.m */ = {isa = PBXFileReference; lastKnownFileType = sourcecode.c.objc; path = "NSURL+Extension.m"; sourceTree = "<group>"; };
		591F2F4D1FBFFDF2002C068F /* Person.h */ = {isa = PBXFileReference; lastKnownFileType = sourcecode.c.h; path = Person.h; sourceTree = "<group>"; };
		591F2F4E1FBFFDF2002C068F /* Person.m */ = {isa = PBXFileReference; lastKnownFileType = sourcecode.c.objc; path = Person.m; sourceTree = "<group>"; };
		591F2F501FC0169F002C068F /* Person+Extension.h */ = {isa = PBXFileReference; lastKnownFileType = sourcecode.c.h; path = "Person+Extension.h"; sourceTree = "<group>"; };
		591F2F511FC0169F002C068F /* Person+Extension.m */ = {isa = PBXFileReference; lastKnownFileType = sourcecode.c.objc; path = "Person+Extension.m"; sourceTree = "<group>"; };
/* End PBXFileReference section */

/* Begin PBXFrameworksBuildPhase section */
		591F2EDB1FBEB145002C068F /* Frameworks */ = {
			isa = PBXFrameworksBuildPhase;
			buildActionMask = 2147483647;
			files = (
			);
			runOnlyForDeploymentPostprocessing = 0;
		};
/* End PBXFrameworksBuildPhase section */

/* Begin PBXGroup section */
		591F2ED51FBEB145002C068F = {
			isa = PBXGroup;
			children = (
				591F2EE01FBEB145002C068F /* runtime */,
				591F2EDF1FBEB145002C068F /* Products */,
			);
			sourceTree = "<group>";
		};
		591F2EDF1FBEB145002C068F /* Products */ = {
			isa = PBXGroup;
			children = (
				591F2EDE1FBEB145002C068F /* runtime.app */,
			);
			name = Products;
			sourceTree = "<group>";
		};
		591F2EE01FBEB145002C068F /* runtime */ = {
			isa = PBXGroup;
			children = (
				591F2EE11FBEB145002C068F /* AppDelegate.h */,
				591F2EE21FBEB145002C068F /* AppDelegate.m */,
				591F2EE41FBEB145002C068F /* ViewController.h */,
				591F2EE51FBEB145002C068F /* ViewController.m */,
				591F2EFD1FBEB26B002C068F /* NSURL+Extension.h */,
				591F2EFE1FBEB26B002C068F /* NSURL+Extension.m */,
				591F2F4D1FBFFDF2002C068F /* Person.h */,
				591F2F4E1FBFFDF2002C068F /* Person.m */,
				591F2F501FC0169F002C068F /* Person+Extension.h */,
				591F2F511FC0169F002C068F /* Person+Extension.m */,
				591F2EE71FBEB145002C068F /* Main.storyboard */,
				591F2EEA1FBEB145002C068F /* Assets.xcassets */,
				591F2EEC1FBEB145002C068F /* LaunchScreen.storyboard */,
				591F2EEF1FBEB145002C068F /* Info.plist */,
				591F2EF01FBEB145002C068F /* main.m */,
			);
			path = runtime;
			sourceTree = "<group>";
		};
/* End PBXGroup section */

/* Begin PBXNativeTarget section */
		591F2EDD1FBEB145002C068F /* runtime */ = {
			isa = PBXNativeTarget;
			buildConfigurationList = 591F2EF41FBEB145002C068F /* Build configuration list for PBXNativeTarget "runtime" */;
			buildPhases = (
				591F2EDA1FBEB145002C068F /* Sources */,
				591F2EDB1FBEB145002C068F /* Frameworks */,
				591F2EDC1FBEB145002C068F /* Resources */,
			);
			buildRules = (
			);
			dependencies = (
			);
			name = runtime;
			productName = runtime;
			productReference = 591F2EDE1FBEB145002C068F /* runtime.app */;
			productType = "com.apple.product-type.application";
		};
/* End PBXNativeTarget section */

/* Begin PBXProject section */
		591F2ED61FBEB145002C068F /* Project object */ = {
			isa = PBXProject;
			attributes = {
				LastUpgradeCheck = 0910;
				ORGANIZATIONNAME = yxl;
				TargetAttributes = {
					591F2EDD1FBEB145002C068F = {
						CreatedOnToolsVersion = 9.1;
						ProvisioningStyle = Manual;
					};
				};
			};
			buildConfigurationList = 591F2ED91FBEB145002C068F /* Build configuration list for PBXProject "runtime" */;
			compatibilityVersion = "Xcode 8.0";
			developmentRegion = en;
			hasScannedForEncodings = 0;
			knownRegions = (
				en,
				Base,
			);
			mainGroup = 591F2ED51FBEB145002C068F;
			productRefGroup = 591F2EDF1FBEB145002C068F /* Products */;
			projectDirPath = "";
			projectRoot = "";
			targets = (
				591F2EDD1FBEB145002C068F /* runtime */,
			);
		};
/* End PBXProject section */

/* Begin PBXResourcesBuildPhase section */
		591F2EDC1FBEB145002C068F /* Resources */ = {
			isa = PBXResourcesBuildPhase;
			buildActionMask = 2147483647;
			files = (
				591F2EEE1FBEB145002C068F /* LaunchScreen.storyboard in Resources */,
				591F2EEB1FBEB145002C068F /* Assets.xcassets in Resources */,
				591F2EE91FBEB145002C068F /* Main.storyboard in Resources */,
			);
			runOnlyForDeploymentPostprocessing = 0;
		};
/* End PBXResourcesBuildPhase section */

/* Begin PBXSourcesBuildPhase section */
		591F2EDA1FBEB145002C068F /* Sources */ = {
			isa = PBXSourcesBuildPhase;
			buildActionMask = 2147483647;
			files = (
				591F2F521FC0169F002C068F /* Person+Extension.m in Sources */,
				591F2EFF1FBEB26B002C068F /* NSURL+Extension.m in Sources */,
				591F2EE61FBEB145002C068F /* ViewController.m in Sources */,
				591F2F4F1FBFFDF2002C068F /* Person.m in Sources */,
				591F2EF11FBEB145002C068F /* main.m in Sources */,
				591F2EE31FBEB145002C068F /* AppDelegate.m in Sources */,
			);
			runOnlyForDeploymentPostprocessing = 0;
		};
/* End PBXSourcesBuildPhase section */

/* Begin PBXVariantGroup section */
		591F2EE71FBEB145002C068F /* Main.storyboard */ = {
			isa = PBXVariantGroup;
			children = (
				591F2EE81FBEB145002C068F /* Base */,
			);
			name = Main.storyboard;
			sourceTree = "<group>";
		};
		591F2EEC1FBEB145002C068F /* LaunchScreen.storyboard */ = {
			isa = PBXVariantGroup;
			children = (
				591F2EED1FBEB145002C068F /* Base */,
			);
			name = LaunchScreen.storyboard;
			sourceTree = "<group>";
		};
/* End PBXVariantGroup section */

/* Begin XCBuildConfiguration section */
		591F2EF21FBEB145002C068F /* Debug */ = {
			isa = XCBuildConfiguration;
			buildSettings = {
				ALWAYS_SEARCH_USER_PATHS = NO;
				CLANG_ANALYZER_NONNULL = YES;
				CLANG_ANALYZER_NUMBER_OBJECT_CONVERSION = YES_AGGRESSIVE;
				CLANG_CXX_LANGUAGE_STANDARD = "gnu++14";
				CLANG_CXX_LIBRARY = "libc++";
				CLANG_ENABLE_MODULES = YES;
				CLANG_ENABLE_OBJC_ARC = YES;
				CLANG_WARN_BLOCK_CAPTURE_AUTORELEASING = YES;
				CLANG_WARN_BOOL_CONVERSION = YES;
				CLANG_WARN_COMMA = YES;
				CLANG_WARN_CONSTANT_CONVERSION = YES;
				CLANG_WARN_DIRECT_OBJC_ISA_USAGE = YES_ERROR;
				CLANG_WARN_DOCUMENTATION_COMMENTS = YES;
				CLANG_WARN_EMPTY_BODY = YES;
				CLANG_WARN_ENUM_CONVERSION = YES;
				CLANG_WARN_INFINITE_RECURSION = YES;
				CLANG_WARN_INT_CONVERSION = YES;
				CLANG_WARN_NON_LITERAL_NULL_CONVERSION = YES;
				CLANG_WARN_OBJC_LITERAL_CONVERSION = YES;
				CLANG_WARN_OBJC_ROOT_CLASS = YES_ERROR;
				CLANG_WARN_RANGE_LOOP_ANALYSIS = YES;
				CLANG_WARN_STRICT_PROTOTYPES = YES;
				CLANG_WARN_SUSPICIOUS_MOVE = YES;
				CLANG_WARN_UNGUARDED_AVAILABILITY = YES_AGGRESSIVE;
				CLANG_WARN_UNREACHABLE_CODE = YES;
				CLANG_WARN__DUPLICATE_METHOD_MATCH = YES;
				CODE_SIGN_IDENTITY = "iPhone Developer";
				COPY_PHASE_STRIP = NO;
				DEBUG_INFORMATION_FORMAT = dwarf;
				ENABLE_STRICT_OBJC_MSGSEND = YES;
				ENABLE_TESTABILITY = YES;
				GCC_C_LANGUAGE_STANDARD = gnu11;
				GCC_DYNAMIC_NO_PIC = NO;
				GCC_NO_COMMON_BLOCKS = YES;
				GCC_OPTIMIZATION_LEVEL = 0;
				GCC_PREPROCESSOR_DEFINITIONS = (
					"DEBUG=1",
					"$(inherited)",
				);
				GCC_WARN_64_TO_32_BIT_CONVERSION = YES;
				GCC_WARN_ABOUT_RETURN_TYPE = YES_ERROR;
				GCC_WARN_UNDECLARED_SELECTOR = YES;
				GCC_WARN_UNINITIALIZED_AUTOS = YES_AGGRESSIVE;
				GCC_WARN_UNUSED_FUNCTION = YES;
				GCC_WARN_UNUSED_VARIABLE = YES;
				IPHONEOS_DEPLOYMENT_TARGET = 11.1;
				MTL_ENABLE_DEBUG_INFO = YES;
				ONLY_ACTIVE_ARCH = YES;
				SDKROOT = iphoneos;
			};
			name = Debug;
		};
		591F2EF31FBEB145002C068F /* Release */ = {
			isa = XCBuildConfiguration;
			buildSettings = {
				ALWAYS_SEARCH_USER_PATHS = NO;
				CLANG_ANALYZER_NONNULL = YES;
				CLANG_ANALYZER_NUMBER_OBJECT_CONVERSION = YES_AGGRESSIVE;
				CLANG_CXX_LANGUAGE_STANDARD = "gnu++14";
				CLANG_CXX_LIBRARY = "libc++";
				CLANG_ENABLE_MODULES = YES;
				CLANG_ENABLE_OBJC_ARC = YES;
				CLANG_WARN_BLOCK_CAPTURE_AUTORELEASING = YES;
				CLANG_WARN_BOOL_CONVERSION = YES;
				CLANG_WARN_COMMA = YES;
				CLANG_WARN_CONSTANT_CONVERSION = YES;
				CLANG_WARN_DIRECT_OBJC_ISA_USAGE = YES_ERROR;
				CLANG_WARN_DOCUMENTATION_COMMENTS = YES;
				CLANG_WARN_EMPTY_BODY = YES;
				CLANG_WARN_ENUM_CONVERSION = YES;
				CLANG_WARN_INFINITE_RECURSION = YES;
				CLANG_WARN_INT_CONVERSION = YES;
				CLANG_WARN_NON_LITERAL_NULL_CONVERSION = YES;
				CLANG_WARN_OBJC_LITERAL_CONVERSION = YES;
				CLANG_WARN_OBJC_ROOT_CLASS = YES_ERROR;
				CLANG_WARN_RANGE_LOOP_ANALYSIS = YES;
				CLANG_WARN_STRICT_PROTOTYPES = YES;
				CLANG_WARN_SUSPICIOUS_MOVE = YES;
				CLANG_WARN_UNGUARDED_AVAILABILITY = YES_AGGRESSIVE;
				CLANG_WARN_UNREACHABLE_CODE = YES;
				CLANG_WARN__DUPLICATE_METHOD_MATCH = YES;
				CODE_SIGN_IDENTITY = "iPhone Developer";
				COPY_PHASE_STRIP = NO;
				DEBUG_INFORMATION_FORMAT = "dwarf-with-dsym";
				ENABLE_NS_ASSERTIONS = NO;
				ENABLE_STRICT_OBJC_MSGSEND = YES;
				GCC_C_LANGUAGE_STANDARD = gnu11;
				GCC_NO_COMMON_BLOCKS = YES;
				GCC_WARN_64_TO_32_BIT_CONVERSION = YES;
				GCC_WARN_ABOUT_RETURN_TYPE = YES_ERROR;
				GCC_WARN_UNDECLARED_SELECTOR = YES;
				GCC_WARN_UNINITIALIZED_AUTOS = YES_AGGRESSIVE;
				GCC_WARN_UNUSED_FUNCTION = YES;
				GCC_WARN_UNUSED_VARIABLE = YES;
				IPHONEOS_DEPLOYMENT_TARGET = 11.1;
				MTL_ENABLE_DEBUG_INFO = NO;
				SDKROOT = iphoneos;
				VALIDATE_PRODUCT = YES;
			};
			name = Release;
		};
		591F2EF51FBEB145002C068F /* Debug */ = {
			isa = XCBuildConfiguration;
			buildSettings = {
				ASSETCATALOG_COMPILER_APPICON_NAME = AppIcon;
				CODE_SIGN_STYLE = Manual;
				DEVELOPMENT_TEAM = VY74KE25H2;
				ENABLE_STRICT_OBJC_MSGSEND = NO;
				INFOPLIST_FILE = runtime/Info.plist;
				LD_RUNPATH_SEARCH_PATHS = "$(inherited) @executable_path/Frameworks";
				PRODUCT_BUNDLE_IDENTIFIER = com.newace.runtime;
				PRODUCT_NAME = "$(TARGET_NAME)";
				PROVISIONING_PROFILE = "51f4d732-0cd3-4ea2-b3e3-f643db296fca";
				PROVISIONING_PROFILE_SPECIFIER = AllDevelopment;
				TARGETED_DEVICE_FAMILY = "1,2";
			};
			name = Debug;
		};
		591F2EF61FBEB145002C068F /* Release */ = {
			isa = XCBuildConfiguration;
			buildSettings = {
				ASSETCATALOG_COMPILER_APPICON_NAME = AppIcon;
				"CODE_SIGN_IDENTITY[sdk=iphoneos*]" = "iPhone Distribution";
				CODE_SIGN_STYLE = Manual;
				DEVELOPMENT_TEAM = VY74KE25H2;
				ENABLE_STRICT_OBJC_MSGSEND = NO;
				INFOPLIST_FILE = runtime/Info.plist;
				LD_RUNPATH_SEARCH_PATHS = "$(inherited) @executable_path/Frameworks";
				PRODUCT_BUNDLE_IDENTIFIER = com.newace.runtime;
				PRODUCT_NAME = "$(TARGET_NAME)";
				PROVISIONING_PROFILE = "97c772ba-3ef8-41b9-8da9-d3eeba6ee66f";
				PROVISIONING_PROFILE_SPECIFIER = AllDistribution;
				TARGETED_DEVICE_FAMILY = "1,2";
			};
			name = Release;
		};
/* End XCBuildConfiguration section */

/* Begin XCConfigurationList section */
		591F2ED91FBEB145002C068F /* Build configuration list for PBXProject "runtime" */ = {
			isa = XCConfigurationList;
			buildConfigurations = (
				591F2EF21FBEB145002C068F /* Debug */,
				591F2EF31FBEB145002C068F /* Release */,
			);
			defaultConfigurationIsVisible = 0;
			defaultConfigurationName = Release;
		};
		591F2EF41FBEB145002C068F /* Build configuration list for PBXNativeTarget "runtime" */ = {
			isa = XCConfigurationList;
			buildConfigurations = (
				591F2EF51FBEB145002C068F /* Debug */,
				591F2EF61FBEB145002C068F /* Release */,
			);
			defaultConfigurationIsVisible = 0;
			defaultConfigurationName = Release;
		};
/* End XCConfigurationList section */
	};
	rootObject = 591F2ED61FBEB145002C068F /* Project object */;
}
